// !$*UTF8*$!
{
	archiveVersion = 1;
	classes = {
	};
	objectVersion = 56;
	objects = {

/* Begin PBXBuildFile section */
		687132AA279E1620EA19702D /* Pods_Shopify_Admin_App.framework in Frameworks */ = {isa = PBXBuildFile; fileRef = D287F727D954FB918B1339DA /* Pods_Shopify_Admin_App.framework */; };
		7B136A0D29BACE97009C4B33 /* CouponPriceRuleModel.swift in Sources */ = {isa = PBXBuildFile; fileRef = 7B136A0C29BACE97009C4B33 /* CouponPriceRuleModel.swift */; };
		7B136A0F29BAD20C009C4B33 /* CouponViewModel.swift in Sources */ = {isa = PBXBuildFile; fileRef = 7B136A0E29BAD20C009C4B33 /* CouponViewModel.swift */; };
		7B136A1129BAD63E009C4B33 /* CouponViewController.swift in Sources */ = {isa = PBXBuildFile; fileRef = 7B136A1029BAD63E009C4B33 /* CouponViewController.swift */; };
		7B136A1329BAE273009C4B33 /* CouponDiscountCodeModel.swift in Sources */ = {isa = PBXBuildFile; fileRef = 7B136A1229BAE273009C4B33 /* CouponDiscountCodeModel.swift */; };
		7B2026E829B61FCF00C70E58 /* EndPoints.swift in Sources */ = {isa = PBXBuildFile; fileRef = 7B2026E729B61FCF00C70E58 /* EndPoints.swift */; };
		7B2026EA29B67F8000C70E58 /* ProductDetailsViewModel.swift in Sources */ = {isa = PBXBuildFile; fileRef = 7B2026E929B67F8000C70E58 /* ProductDetailsViewModel.swift */; };
		7B2026EC29B6815100C70E58 /* ProductDetailsViewController.swift in Sources */ = {isa = PBXBuildFile; fileRef = 7B2026EB29B6815100C70E58 /* ProductDetailsViewController.swift */; };
		7B2026EE29B681A000C70E58 /* ProductImgModel.swift in Sources */ = {isa = PBXBuildFile; fileRef = 7B2026ED29B6819F00C70E58 /* ProductImgModel.swift */; };
		7B2026F029B6822B00C70E58 /* ProductVariantModel.swift in Sources */ = {isa = PBXBuildFile; fileRef = 7B2026EF29B6822B00C70E58 /* ProductVariantModel.swift */; };
		7B41CA2C29B8EE090099A6AD /* ProductCustomCollectionModel.swift in Sources */ = {isa = PBXBuildFile; fileRef = 7B41CA2B29B8EE090099A6AD /* ProductCustomCollectionModel.swift */; };
		7BC9E43D29B55682004E3FD0 /* AppDelegate.swift in Sources */ = {isa = PBXBuildFile; fileRef = 7BC9E43C29B55682004E3FD0 /* AppDelegate.swift */; };
		7BC9E43F29B55682004E3FD0 /* SceneDelegate.swift in Sources */ = {isa = PBXBuildFile; fileRef = 7BC9E43E29B55682004E3FD0 /* SceneDelegate.swift */; };
		7BC9E44429B55682004E3FD0 /* Main.storyboard in Resources */ = {isa = PBXBuildFile; fileRef = 7BC9E44229B55682004E3FD0 /* Main.storyboard */; };
		7BC9E44729B55682004E3FD0 /* Shopify_Admin_App.xcdatamodeld in Sources */ = {isa = PBXBuildFile; fileRef = 7BC9E44529B55682004E3FD0 /* Shopify_Admin_App.xcdatamodeld */; };
		7BC9E44929B55686004E3FD0 /* Assets.xcassets in Resources */ = {isa = PBXBuildFile; fileRef = 7BC9E44829B55686004E3FD0 /* Assets.xcassets */; };
		7BC9E44C29B55686004E3FD0 /* LaunchScreen.storyboard in Resources */ = {isa = PBXBuildFile; fileRef = 7BC9E44A29B55686004E3FD0 /* LaunchScreen.storyboard */; };
		7BC9E45729B55687004E3FD0 /* Shopify_Admin_AppTests.swift in Sources */ = {isa = PBXBuildFile; fileRef = 7BC9E45629B55687004E3FD0 /* Shopify_Admin_AppTests.swift */; };
		7BC9E46129B55687004E3FD0 /* Shopify_Admin_AppUITests.swift in Sources */ = {isa = PBXBuildFile; fileRef = 7BC9E46029B55687004E3FD0 /* Shopify_Admin_AppUITests.swift */; };
		7BC9E46329B55687004E3FD0 /* Shopify_Admin_AppUITestsLaunchTests.swift in Sources */ = {isa = PBXBuildFile; fileRef = 7BC9E46229B55687004E3FD0 /* Shopify_Admin_AppUITestsLaunchTests.swift */; };
		7BC9E47829B55988004E3FD0 /* ProductViewController.swift in Sources */ = {isa = PBXBuildFile; fileRef = 7BC9E47729B55988004E3FD0 /* ProductViewController.swift */; };
		7BC9E47A29B559AD004E3FD0 /* ProductViewModel.swift in Sources */ = {isa = PBXBuildFile; fileRef = 7BC9E47929B559AD004E3FD0 /* ProductViewModel.swift */; };
		7BC9E47C29B559FC004E3FD0 /* ApiClient.swift in Sources */ = {isa = PBXBuildFile; fileRef = 7BC9E47B29B559FC004E3FD0 /* ApiClient.swift */; };
		7BC9E47E29B55CA5004E3FD0 /* ProductModel.swift in Sources */ = {isa = PBXBuildFile; fileRef = 7BC9E47D29B55CA5004E3FD0 /* ProductModel.swift */; };
		7E7CA8386211B6DC831064E0 /* Pods_Shopify_Admin_AppTests.framework in Frameworks */ = {isa = PBXBuildFile; fileRef = BF72357A806A9989A3ADDEE8 /* Pods_Shopify_Admin_AppTests.framework */; };
		833E11FF1AF63A4C3D6B63B8 /* Pods_Shopify_Admin_App_Shopify_Admin_AppUITests.framework in Frameworks */ = {isa = PBXBuildFile; fileRef = 3C9CBDF0D687693F5A99A966 /* Pods_Shopify_Admin_App_Shopify_Admin_AppUITests.framework */; };
/* End PBXBuildFile section */

/* Begin PBXContainerItemProxy section */
		7BC9E45329B55687004E3FD0 /* PBXContainerItemProxy */ = {
			isa = PBXContainerItemProxy;
			containerPortal = 7BC9E43129B55682004E3FD0 /* Project object */;
			proxyType = 1;
			remoteGlobalIDString = 7BC9E43829B55682004E3FD0;
			remoteInfo = "Shopify Admin App";
		};
		7BC9E45D29B55687004E3FD0 /* PBXContainerItemProxy */ = {
			isa = PBXContainerItemProxy;
			containerPortal = 7BC9E43129B55682004E3FD0 /* Project object */;
			proxyType = 1;
			remoteGlobalIDString = 7BC9E43829B55682004E3FD0;
			remoteInfo = "Shopify Admin App";
		};
/* End PBXContainerItemProxy section */

/* Begin PBXFileReference section */
		2DE977DCB6A745AEEE5F3F12 /* Pods-Shopify Admin App-Shopify Admin AppUITests.release.xcconfig */ = {isa = PBXFileReference; includeInIndex = 1; lastKnownFileType = text.xcconfig; name = "Pods-Shopify Admin App-Shopify Admin AppUITests.release.xcconfig"; path = "Target Support Files/Pods-Shopify Admin App-Shopify Admin AppUITests/Pods-Shopify Admin App-Shopify Admin AppUITests.release.xcconfig"; sourceTree = "<group>"; };
		3C9CBDF0D687693F5A99A966 /* Pods_Shopify_Admin_App_Shopify_Admin_AppUITests.framework */ = {isa = PBXFileReference; explicitFileType = wrapper.framework; includeInIndex = 0; path = Pods_Shopify_Admin_App_Shopify_Admin_AppUITests.framework; sourceTree = BUILT_PRODUCTS_DIR; };
		5EB0A55909A5B88339A3E154 /* Pods-Shopify Admin App-Shopify Admin AppUITests.debug.xcconfig */ = {isa = PBXFileReference; includeInIndex = 1; lastKnownFileType = text.xcconfig; name = "Pods-Shopify Admin App-Shopify Admin AppUITests.debug.xcconfig"; path = "Target Support Files/Pods-Shopify Admin App-Shopify Admin AppUITests/Pods-Shopify Admin App-Shopify Admin AppUITests.debug.xcconfig"; sourceTree = "<group>"; };
		7B136A0C29BACE97009C4B33 /* CouponPriceRuleModel.swift */ = {isa = PBXFileReference; lastKnownFileType = sourcecode.swift; path = CouponPriceRuleModel.swift; sourceTree = "<group>"; };
		7B136A0E29BAD20C009C4B33 /* CouponViewModel.swift */ = {isa = PBXFileReference; lastKnownFileType = sourcecode.swift; path = CouponViewModel.swift; sourceTree = "<group>"; };
		7B136A1029BAD63E009C4B33 /* CouponViewController.swift */ = {isa = PBXFileReference; lastKnownFileType = sourcecode.swift; path = CouponViewController.swift; sourceTree = "<group>"; };
		7B136A1229BAE273009C4B33 /* CouponDiscountCodeModel.swift */ = {isa = PBXFileReference; lastKnownFileType = sourcecode.swift; path = CouponDiscountCodeModel.swift; sourceTree = "<group>"; };
		7B2026E729B61FCF00C70E58 /* EndPoints.swift */ = {isa = PBXFileReference; lastKnownFileType = sourcecode.swift; path = EndPoints.swift; sourceTree = "<group>"; };
		7B2026E929B67F8000C70E58 /* ProductDetailsViewModel.swift */ = {isa = PBXFileReference; lastKnownFileType = sourcecode.swift; path = ProductDetailsViewModel.swift; sourceTree = "<group>"; };
		7B2026EB29B6815100C70E58 /* ProductDetailsViewController.swift */ = {isa = PBXFileReference; lastKnownFileType = sourcecode.swift; path = ProductDetailsViewController.swift; sourceTree = "<group>"; };
		7B2026ED29B6819F00C70E58 /* ProductImgModel.swift */ = {isa = PBXFileReference; lastKnownFileType = sourcecode.swift; path = ProductImgModel.swift; sourceTree = "<group>"; };
		7B2026EF29B6822B00C70E58 /* ProductVariantModel.swift */ = {isa = PBXFileReference; lastKnownFileType = sourcecode.swift; path = ProductVariantModel.swift; sourceTree = "<group>"; };
		7B41CA2B29B8EE090099A6AD /* ProductCustomCollectionModel.swift */ = {isa = PBXFileReference; lastKnownFileType = sourcecode.swift; path = ProductCustomCollectionModel.swift; sourceTree = "<group>"; };
		7BC9E43929B55682004E3FD0 /* Shopify Admin App.app */ = {isa = PBXFileReference; explicitFileType = wrapper.application; includeInIndex = 0; path = "Shopify Admin App.app"; sourceTree = BUILT_PRODUCTS_DIR; };
		7BC9E43C29B55682004E3FD0 /* AppDelegate.swift */ = {isa = PBXFileReference; lastKnownFileType = sourcecode.swift; path = AppDelegate.swift; sourceTree = "<group>"; };
		7BC9E43E29B55682004E3FD0 /* SceneDelegate.swift */ = {isa = PBXFileReference; lastKnownFileType = sourcecode.swift; path = SceneDelegate.swift; sourceTree = "<group>"; };
		7BC9E44329B55682004E3FD0 /* Base */ = {isa = PBXFileReference; lastKnownFileType = file.storyboard; name = Base; path = Base.lproj/Main.storyboard; sourceTree = "<group>"; };
		7BC9E44629B55682004E3FD0 /* Shopify_Admin_App.xcdatamodel */ = {isa = PBXFileReference; lastKnownFileType = wrapper.xcdatamodel; path = Shopify_Admin_App.xcdatamodel; sourceTree = "<group>"; };
		7BC9E44829B55686004E3FD0 /* Assets.xcassets */ = {isa = PBXFileReference; lastKnownFileType = folder.assetcatalog; path = Assets.xcassets; sourceTree = "<group>"; };
		7BC9E44B29B55686004E3FD0 /* Base */ = {isa = PBXFileReference; lastKnownFileType = file.storyboard; name = Base; path = Base.lproj/LaunchScreen.storyboard; sourceTree = "<group>"; };
		7BC9E44D29B55686004E3FD0 /* Info.plist */ = {isa = PBXFileReference; lastKnownFileType = text.plist.xml; path = Info.plist; sourceTree = "<group>"; };
		7BC9E45229B55687004E3FD0 /* Shopify Admin AppTests.xctest */ = {isa = PBXFileReference; explicitFileType = wrapper.cfbundle; includeInIndex = 0; path = "Shopify Admin AppTests.xctest"; sourceTree = BUILT_PRODUCTS_DIR; };
		7BC9E45629B55687004E3FD0 /* Shopify_Admin_AppTests.swift */ = {isa = PBXFileReference; lastKnownFileType = sourcecode.swift; path = Shopify_Admin_AppTests.swift; sourceTree = "<group>"; };
		7BC9E45C29B55687004E3FD0 /* Shopify Admin AppUITests.xctest */ = {isa = PBXFileReference; explicitFileType = wrapper.cfbundle; includeInIndex = 0; path = "Shopify Admin AppUITests.xctest"; sourceTree = BUILT_PRODUCTS_DIR; };
		7BC9E46029B55687004E3FD0 /* Shopify_Admin_AppUITests.swift */ = {isa = PBXFileReference; lastKnownFileType = sourcecode.swift; path = Shopify_Admin_AppUITests.swift; sourceTree = "<group>"; };
		7BC9E46229B55687004E3FD0 /* Shopify_Admin_AppUITestsLaunchTests.swift */ = {isa = PBXFileReference; lastKnownFileType = sourcecode.swift; path = Shopify_Admin_AppUITestsLaunchTests.swift; sourceTree = "<group>"; };
		7BC9E47729B55988004E3FD0 /* ProductViewController.swift */ = {isa = PBXFileReference; lastKnownFileType = sourcecode.swift; path = ProductViewController.swift; sourceTree = "<group>"; };
		7BC9E47929B559AD004E3FD0 /* ProductViewModel.swift */ = {isa = PBXFileReference; lastKnownFileType = sourcecode.swift; path = ProductViewModel.swift; sourceTree = "<group>"; };
		7BC9E47B29B559FC004E3FD0 /* ApiClient.swift */ = {isa = PBXFileReference; fileEncoding = 4; lastKnownFileType = sourcecode.swift; path = ApiClient.swift; sourceTree = "<group>"; };
		7BC9E47D29B55CA5004E3FD0 /* ProductModel.swift */ = {isa = PBXFileReference; lastKnownFileType = sourcecode.swift; path = ProductModel.swift; sourceTree = "<group>"; };
		8713349881F11447E57E3758 /* Pods-Shopify Admin AppTests.release.xcconfig */ = {isa = PBXFileReference; includeInIndex = 1; lastKnownFileType = text.xcconfig; name = "Pods-Shopify Admin AppTests.release.xcconfig"; path = "Target Support Files/Pods-Shopify Admin AppTests/Pods-Shopify Admin AppTests.release.xcconfig"; sourceTree = "<group>"; };
		BF72357A806A9989A3ADDEE8 /* Pods_Shopify_Admin_AppTests.framework */ = {isa = PBXFileReference; explicitFileType = wrapper.framework; includeInIndex = 0; path = Pods_Shopify_Admin_AppTests.framework; sourceTree = BUILT_PRODUCTS_DIR; };
		D287F727D954FB918B1339DA /* Pods_Shopify_Admin_App.framework */ = {isa = PBXFileReference; explicitFileType = wrapper.framework; includeInIndex = 0; path = Pods_Shopify_Admin_App.framework; sourceTree = BUILT_PRODUCTS_DIR; };
		D98B56768F6A614175574D2B /* Pods-Shopify Admin AppTests.debug.xcconfig */ = {isa = PBXFileReference; includeInIndex = 1; lastKnownFileType = text.xcconfig; name = "Pods-Shopify Admin AppTests.debug.xcconfig"; path = "Target Support Files/Pods-Shopify Admin AppTests/Pods-Shopify Admin AppTests.debug.xcconfig"; sourceTree = "<group>"; };
		F79C78EC884D0DFAC7B3F7FE /* Pods-Shopify Admin App.debug.xcconfig */ = {isa = PBXFileReference; includeInIndex = 1; lastKnownFileType = text.xcconfig; name = "Pods-Shopify Admin App.debug.xcconfig"; path = "Target Support Files/Pods-Shopify Admin App/Pods-Shopify Admin App.debug.xcconfig"; sourceTree = "<group>"; };
		FA50D6E89F5BD2605BDF42F2 /* Pods-Shopify Admin App.release.xcconfig */ = {isa = PBXFileReference; includeInIndex = 1; lastKnownFileType = text.xcconfig; name = "Pods-Shopify Admin App.release.xcconfig"; path = "Target Support Files/Pods-Shopify Admin App/Pods-Shopify Admin App.release.xcconfig"; sourceTree = "<group>"; };
/* End PBXFileReference section */

/* Begin PBXFrameworksBuildPhase section */
		7BC9E43629B55682004E3FD0 /* Frameworks */ = {
			isa = PBXFrameworksBuildPhase;
			buildActionMask = 2147483647;
			files = (
				687132AA279E1620EA19702D /* Pods_Shopify_Admin_App.framework in Frameworks */,
			);
			runOnlyForDeploymentPostprocessing = 0;
		};
		7BC9E44F29B55687004E3FD0 /* Frameworks */ = {
			isa = PBXFrameworksBuildPhase;
			buildActionMask = 2147483647;
			files = (
				7E7CA8386211B6DC831064E0 /* Pods_Shopify_Admin_AppTests.framework in Frameworks */,
			);
			runOnlyForDeploymentPostprocessing = 0;
		};
		7BC9E45929B55687004E3FD0 /* Frameworks */ = {
			isa = PBXFrameworksBuildPhase;
			buildActionMask = 2147483647;
			files = (
				833E11FF1AF63A4C3D6B63B8 /* Pods_Shopify_Admin_App_Shopify_Admin_AppUITests.framework in Frameworks */,
			);
			runOnlyForDeploymentPostprocessing = 0;
		};
/* End PBXFrameworksBuildPhase section */

/* Begin PBXGroup section */
		2973BA7E08E9580FE501FCE8 /* Frameworks */ = {
			isa = PBXGroup;
			children = (
				D287F727D954FB918B1339DA /* Pods_Shopify_Admin_App.framework */,
				3C9CBDF0D687693F5A99A966 /* Pods_Shopify_Admin_App_Shopify_Admin_AppUITests.framework */,
				BF72357A806A9989A3ADDEE8 /* Pods_Shopify_Admin_AppTests.framework */,
			);
			name = Frameworks;
			sourceTree = "<group>";
		};
		7B136A0429BABE07009C4B33 /* Collection */ = {
			isa = PBXGroup;
			children = (
				7B136A0729BABE3A009C4B33 /* View Model */,
				7B136A0629BABE33009C4B33 /* View */,
				7B136A0529BABE21009C4B33 /* Model */,
			);
			path = Collection;
			sourceTree = "<group>";
		};
		7B136A0529BABE21009C4B33 /* Model */ = {
			isa = PBXGroup;
			children = (
			);
			path = Model;
			sourceTree = "<group>";
		};
		7B136A0629BABE33009C4B33 /* View */ = {
			isa = PBXGroup;
			children = (
			);
			path = View;
			sourceTree = "<group>";
		};
		7B136A0729BABE3A009C4B33 /* View Model */ = {
			isa = PBXGroup;
			children = (
			);
			path = "View Model";
			sourceTree = "<group>";
		};
		7B136A0829BAC252009C4B33 /* Copons */ = {
			isa = PBXGroup;
			children = (
				7B136A0B29BAC2C8009C4B33 /* View Model */,
				7B136A0A29BAC2BF009C4B33 /* View */,
				7B136A0929BAC2AF009C4B33 /* Model */,
			);
			path = Copons;
			sourceTree = "<group>";
		};
		7B136A0929BAC2AF009C4B33 /* Model */ = {
			isa = PBXGroup;
			children = (
				7B136A0C29BACE97009C4B33 /* CouponPriceRuleModel.swift */,
				7B136A1229BAE273009C4B33 /* CouponDiscountCodeModel.swift */,
			);
			path = Model;
			sourceTree = "<group>";
		};
		7B136A0A29BAC2BF009C4B33 /* View */ = {
			isa = PBXGroup;
			children = (
				7B136A1029BAD63E009C4B33 /* CouponViewController.swift */,
			);
			path = View;
			sourceTree = "<group>";
		};
		7B136A0B29BAC2C8009C4B33 /* View Model */ = {
			isa = PBXGroup;
			children = (
				7B136A0E29BAD20C009C4B33 /* CouponViewModel.swift */,
			);
			path = "View Model";
			sourceTree = "<group>";
		};
		7B2026E629B61E8600C70E58 /* NetworkServices */ = {
			isa = PBXGroup;
			children = (
				7BC9E47B29B559FC004E3FD0 /* ApiClient.swift */,
				7B2026E729B61FCF00C70E58 /* EndPoints.swift */,
			);
			path = NetworkServices;
			sourceTree = "<group>";
		};
		7BC9E43029B55682004E3FD0 = {
			isa = PBXGroup;
			children = (
				7BC9E43B29B55682004E3FD0 /* Shopify Admin App */,
				7BC9E45529B55687004E3FD0 /* Shopify Admin AppTests */,
				7BC9E45F29B55687004E3FD0 /* Shopify Admin AppUITests */,
				7BC9E43A29B55682004E3FD0 /* Products */,
				8EE4C7689980DEA333A1CAA8 /* Pods */,
				2973BA7E08E9580FE501FCE8 /* Frameworks */,
			);
			sourceTree = "<group>";
		};
		7BC9E43A29B55682004E3FD0 /* Products */ = {
			isa = PBXGroup;
			children = (
				7BC9E43929B55682004E3FD0 /* Shopify Admin App.app */,
				7BC9E45229B55687004E3FD0 /* Shopify Admin AppTests.xctest */,
				7BC9E45C29B55687004E3FD0 /* Shopify Admin AppUITests.xctest */,
			);
			name = Products;
			sourceTree = "<group>";
		};
		7BC9E43B29B55682004E3FD0 /* Shopify Admin App */ = {
			isa = PBXGroup;
			children = (
				7BC9E46F29B5582B004E3FD0 /* Model */,
				7BC9E47029B55834004E3FD0 /* View */,
				7BC9E47129B5583F004E3FD0 /* Modules */,
				7BC9E47229B5586C004E3FD0 /* Core */,
				7BC9E44829B55686004E3FD0 /* Assets.xcassets */,
				7BC9E44D29B55686004E3FD0 /* Info.plist */,
				7BC9E44529B55682004E3FD0 /* Shopify_Admin_App.xcdatamodeld */,
			);
			path = "Shopify Admin App";
			sourceTree = "<group>";
		};
		7BC9E45529B55687004E3FD0 /* Shopify Admin AppTests */ = {
			isa = PBXGroup;
			children = (
				7BC9E45629B55687004E3FD0 /* Shopify_Admin_AppTests.swift */,
			);
			path = "Shopify Admin AppTests";
			sourceTree = "<group>";
		};
		7BC9E45F29B55687004E3FD0 /* Shopify Admin AppUITests */ = {
			isa = PBXGroup;
			children = (
				7BC9E46029B55687004E3FD0 /* Shopify_Admin_AppUITests.swift */,
				7BC9E46229B55687004E3FD0 /* Shopify_Admin_AppUITestsLaunchTests.swift */,
			);
			path = "Shopify Admin AppUITests";
			sourceTree = "<group>";
		};
		7BC9E46F29B5582B004E3FD0 /* Model */ = {
			isa = PBXGroup;
			children = (
				7B2026E629B61E8600C70E58 /* NetworkServices */,
			);
			path = Model;
			sourceTree = "<group>";
		};
		7BC9E47029B55834004E3FD0 /* View */ = {
			isa = PBXGroup;
			children = (
				7BC9E44229B55682004E3FD0 /* Main.storyboard */,
				7BC9E44A29B55686004E3FD0 /* LaunchScreen.storyboard */,
			);
			path = View;
			sourceTree = "<group>";
		};
		7BC9E47129B5583F004E3FD0 /* Modules */ = {
			isa = PBXGroup;
			children = (
				7B136A0829BAC252009C4B33 /* Copons */,
				7B136A0429BABE07009C4B33 /* Collection */,
				7BC9E47329B558CF004E3FD0 /* Product */,
			);
			path = Modules;
			sourceTree = "<group>";
		};
		7BC9E47229B5586C004E3FD0 /* Core */ = {
			isa = PBXGroup;
			children = (
				7BC9E43C29B55682004E3FD0 /* AppDelegate.swift */,
				7BC9E43E29B55682004E3FD0 /* SceneDelegate.swift */,
			);
			path = Core;
			sourceTree = "<group>";
		};
		7BC9E47329B558CF004E3FD0 /* Product */ = {
			isa = PBXGroup;
			children = (
				7BC9E47529B558EE004E3FD0 /* View Model */,
				7BC9E47429B558E7004E3FD0 /* View */,
				7BC9E47629B558F9004E3FD0 /* Model */,
			);
			path = Product;
			sourceTree = "<group>";
		};
		7BC9E47429B558E7004E3FD0 /* View */ = {
			isa = PBXGroup;
			children = (
				7BC9E47729B55988004E3FD0 /* ProductViewController.swift */,
				7B2026EB29B6815100C70E58 /* ProductDetailsViewController.swift */,
			);
			path = View;
			sourceTree = "<group>";
		};
		7BC9E47529B558EE004E3FD0 /* View Model */ = {
			isa = PBXGroup;
			children = (
				7BC9E47929B559AD004E3FD0 /* ProductViewModel.swift */,
				7B2026E929B67F8000C70E58 /* ProductDetailsViewModel.swift */,
			);
			path = "View Model";
			sourceTree = "<group>";
		};
		7BC9E47629B558F9004E3FD0 /* Model */ = {
			isa = PBXGroup;
			children = (
				7BC9E47D29B55CA5004E3FD0 /* ProductModel.swift */,
				7B2026ED29B6819F00C70E58 /* ProductImgModel.swift */,
				7B2026EF29B6822B00C70E58 /* ProductVariantModel.swift */,
				7B41CA2B29B8EE090099A6AD /* ProductCustomCollectionModel.swift */,
			);
			path = Model;
			sourceTree = "<group>";
		};
		8EE4C7689980DEA333A1CAA8 /* Pods */ = {
			isa = PBXGroup;
			children = (
				F79C78EC884D0DFAC7B3F7FE /* Pods-Shopify Admin App.debug.xcconfig */,
				FA50D6E89F5BD2605BDF42F2 /* Pods-Shopify Admin App.release.xcconfig */,
				5EB0A55909A5B88339A3E154 /* Pods-Shopify Admin App-Shopify Admin AppUITests.debug.xcconfig */,
				2DE977DCB6A745AEEE5F3F12 /* Pods-Shopify Admin App-Shopify Admin AppUITests.release.xcconfig */,
				D98B56768F6A614175574D2B /* Pods-Shopify Admin AppTests.debug.xcconfig */,
				8713349881F11447E57E3758 /* Pods-Shopify Admin AppTests.release.xcconfig */,
			);
			path = Pods;
			sourceTree = "<group>";
		};
/* End PBXGroup section */

/* Begin PBXNativeTarget section */
		7BC9E43829B55682004E3FD0 /* Shopify Admin App */ = {
			isa = PBXNativeTarget;
			buildConfigurationList = 7BC9E46629B55687004E3FD0 /* Build configuration list for PBXNativeTarget "Shopify Admin App" */;
			buildPhases = (
				E625B916468EA891DCCEE770 /* [CP] Check Pods Manifest.lock */,
				7BC9E43529B55682004E3FD0 /* Sources */,
				7BC9E43629B55682004E3FD0 /* Frameworks */,
				7BC9E43729B55682004E3FD0 /* Resources */,
				9E8E5F2FFC8ED235E02E7C2F /* [CP] Embed Pods Frameworks */,
			);
			buildRules = (
			);
			dependencies = (
			);
			name = "Shopify Admin App";
			productName = "Shopify Admin App";
			productReference = 7BC9E43929B55682004E3FD0 /* Shopify Admin App.app */;
			productType = "com.apple.product-type.application";
		};
		7BC9E45129B55687004E3FD0 /* Shopify Admin AppTests */ = {
			isa = PBXNativeTarget;
			buildConfigurationList = 7BC9E46929B55687004E3FD0 /* Build configuration list for PBXNativeTarget "Shopify Admin AppTests" */;
			buildPhases = (
				1F9899BCA428F5B21680DB8E /* [CP] Check Pods Manifest.lock */,
				7BC9E44E29B55687004E3FD0 /* Sources */,
				7BC9E44F29B55687004E3FD0 /* Frameworks */,
				7BC9E45029B55687004E3FD0 /* Resources */,
			);
			buildRules = (
			);
			dependencies = (
				7BC9E45429B55687004E3FD0 /* PBXTargetDependency */,
			);
			name = "Shopify Admin AppTests";
			productName = "Shopify Admin AppTests";
			productReference = 7BC9E45229B55687004E3FD0 /* Shopify Admin AppTests.xctest */;
			productType = "com.apple.product-type.bundle.unit-test";
		};
		7BC9E45B29B55687004E3FD0 /* Shopify Admin AppUITests */ = {
			isa = PBXNativeTarget;
			buildConfigurationList = 7BC9E46C29B55687004E3FD0 /* Build configuration list for PBXNativeTarget "Shopify Admin AppUITests" */;
			buildPhases = (
				E8016C59E9A2DA4BD72E8B30 /* [CP] Check Pods Manifest.lock */,
				7BC9E45829B55687004E3FD0 /* Sources */,
				7BC9E45929B55687004E3FD0 /* Frameworks */,
				7BC9E45A29B55687004E3FD0 /* Resources */,
				1C4CBF565D8950D48F08352C /* [CP] Embed Pods Frameworks */,
			);
			buildRules = (
			);
			dependencies = (
				7BC9E45E29B55687004E3FD0 /* PBXTargetDependency */,
			);
			name = "Shopify Admin AppUITests";
			productName = "Shopify Admin AppUITests";
			productReference = 7BC9E45C29B55687004E3FD0 /* Shopify Admin AppUITests.xctest */;
			productType = "com.apple.product-type.bundle.ui-testing";
		};
/* End PBXNativeTarget section */

/* Begin PBXProject section */
		7BC9E43129B55682004E3FD0 /* Project object */ = {
			isa = PBXProject;
			attributes = {
				BuildIndependentTargetsInParallel = 1;
				LastSwiftUpdateCheck = 1420;
				LastUpgradeCheck = 1420;
				TargetAttributes = {
					7BC9E43829B55682004E3FD0 = {
						CreatedOnToolsVersion = 14.2;
					};
					7BC9E45129B55687004E3FD0 = {
						CreatedOnToolsVersion = 14.2;
						TestTargetID = 7BC9E43829B55682004E3FD0;
					};
					7BC9E45B29B55687004E3FD0 = {
						CreatedOnToolsVersion = 14.2;
						TestTargetID = 7BC9E43829B55682004E3FD0;
					};
				};
			};
			buildConfigurationList = 7BC9E43429B55682004E3FD0 /* Build configuration list for PBXProject "Shopify Admin App" */;
			compatibilityVersion = "Xcode 14.0";
			developmentRegion = en;
			hasScannedForEncodings = 0;
			knownRegions = (
				en,
				Base,
			);
			mainGroup = 7BC9E43029B55682004E3FD0;
			productRefGroup = 7BC9E43A29B55682004E3FD0 /* Products */;
			projectDirPath = "";
			projectRoot = "";
			targets = (
				7BC9E43829B55682004E3FD0 /* Shopify Admin App */,
				7BC9E45129B55687004E3FD0 /* Shopify Admin AppTests */,
				7BC9E45B29B55687004E3FD0 /* Shopify Admin AppUITests */,
			);
		};
/* End PBXProject section */

/* Begin PBXResourcesBuildPhase section */
		7BC9E43729B55682004E3FD0 /* Resources */ = {
			isa = PBXResourcesBuildPhase;
			buildActionMask = 2147483647;
			files = (
				7BC9E44C29B55686004E3FD0 /* LaunchScreen.storyboard in Resources */,
				7BC9E44929B55686004E3FD0 /* Assets.xcassets in Resources */,
				7BC9E44429B55682004E3FD0 /* Main.storyboard in Resources */,
			);
			runOnlyForDeploymentPostprocessing = 0;
		};
		7BC9E45029B55687004E3FD0 /* Resources */ = {
			isa = PBXResourcesBuildPhase;
			buildActionMask = 2147483647;
			files = (
			);
			runOnlyForDeploymentPostprocessing = 0;
		};
		7BC9E45A29B55687004E3FD0 /* Resources */ = {
			isa = PBXResourcesBuildPhase;
			buildActionMask = 2147483647;
			files = (
			);
			runOnlyForDeploymentPostprocessing = 0;
		};
/* End PBXResourcesBuildPhase section */

/* Begin PBXShellScriptBuildPhase section */
		1C4CBF565D8950D48F08352C /* [CP] Embed Pods Frameworks */ = {
			isa = PBXShellScriptBuildPhase;
			buildActionMask = 2147483647;
			files = (
			);
			inputFileListPaths = (
				"${PODS_ROOT}/Target Support Files/Pods-Shopify Admin App-Shopify Admin AppUITests/Pods-Shopify Admin App-Shopify Admin AppUITests-frameworks-${CONFIGURATION}-input-files.xcfilelist",
			);
			name = "[CP] Embed Pods Frameworks";
			outputFileListPaths = (
				"${PODS_ROOT}/Target Support Files/Pods-Shopify Admin App-Shopify Admin AppUITests/Pods-Shopify Admin App-Shopify Admin AppUITests-frameworks-${CONFIGURATION}-output-files.xcfilelist",
			);
			runOnlyForDeploymentPostprocessing = 0;
			shellPath = /bin/sh;
			shellScript = "\"${PODS_ROOT}/Target Support Files/Pods-Shopify Admin App-Shopify Admin AppUITests/Pods-Shopify Admin App-Shopify Admin AppUITests-frameworks.sh\"\n";
			showEnvVarsInLog = 0;
		};
		1F9899BCA428F5B21680DB8E /* [CP] Check Pods Manifest.lock */ = {
			isa = PBXShellScriptBuildPhase;
			buildActionMask = 2147483647;
			files = (
			);
			inputFileListPaths = (
			);
			inputPaths = (
				"${PODS_PODFILE_DIR_PATH}/Podfile.lock",
				"${PODS_ROOT}/Manifest.lock",
			);
			name = "[CP] Check Pods Manifest.lock";
			outputFileListPaths = (
			);
			outputPaths = (
				"$(DERIVED_FILE_DIR)/Pods-Shopify Admin AppTests-checkManifestLockResult.txt",
			);
			runOnlyForDeploymentPostprocessing = 0;
			shellPath = /bin/sh;
			shellScript = "diff \"${PODS_PODFILE_DIR_PATH}/Podfile.lock\" \"${PODS_ROOT}/Manifest.lock\" > /dev/null\nif [ $? != 0 ] ; then\n    # print error to STDERR\n    echo \"error: The sandbox is not in sync with the Podfile.lock. Run 'pod install' or update your CocoaPods installation.\" >&2\n    exit 1\nfi\n# This output is used by Xcode 'outputs' to avoid re-running this script phase.\necho \"SUCCESS\" > \"${SCRIPT_OUTPUT_FILE_0}\"\n";
			showEnvVarsInLog = 0;
		};
		9E8E5F2FFC8ED235E02E7C2F /* [CP] Embed Pods Frameworks */ = {
			isa = PBXShellScriptBuildPhase;
			buildActionMask = 2147483647;
			files = (
			);
			inputFileListPaths = (
				"${PODS_ROOT}/Target Support Files/Pods-Shopify Admin App/Pods-Shopify Admin App-frameworks-${CONFIGURATION}-input-files.xcfilelist",
			);
			name = "[CP] Embed Pods Frameworks";
			outputFileListPaths = (
				"${PODS_ROOT}/Target Support Files/Pods-Shopify Admin App/Pods-Shopify Admin App-frameworks-${CONFIGURATION}-output-files.xcfilelist",
			);
			runOnlyForDeploymentPostprocessing = 0;
			shellPath = /bin/sh;
			shellScript = "\"${PODS_ROOT}/Target Support Files/Pods-Shopify Admin App/Pods-Shopify Admin App-frameworks.sh\"\n";
			showEnvVarsInLog = 0;
		};
		E625B916468EA891DCCEE770 /* [CP] Check Pods Manifest.lock */ = {
			isa = PBXShellScriptBuildPhase;
			buildActionMask = 2147483647;
			files = (
			);
			inputFileListPaths = (
			);
			inputPaths = (
				"${PODS_PODFILE_DIR_PATH}/Podfile.lock",
				"${PODS_ROOT}/Manifest.lock",
			);
			name = "[CP] Check Pods Manifest.lock";
			outputFileListPaths = (
			);
			outputPaths = (
				"$(DERIVED_FILE_DIR)/Pods-Shopify Admin App-checkManifestLockResult.txt",
			);
			runOnlyForDeploymentPostprocessing = 0;
			shellPath = /bin/sh;
			shellScript = "diff \"${PODS_PODFILE_DIR_PATH}/Podfile.lock\" \"${PODS_ROOT}/Manifest.lock\" > /dev/null\nif [ $? != 0 ] ; then\n    # print error to STDERR\n    echo \"error: The sandbox is not in sync with the Podfile.lock. Run 'pod install' or update your CocoaPods installation.\" >&2\n    exit 1\nfi\n# This output is used by Xcode 'outputs' to avoid re-running this script phase.\necho \"SUCCESS\" > \"${SCRIPT_OUTPUT_FILE_0}\"\n";
			showEnvVarsInLog = 0;
		};
		E8016C59E9A2DA4BD72E8B30 /* [CP] Check Pods Manifest.lock */ = {
			isa = PBXShellScriptBuildPhase;
			buildActionMask = 2147483647;
			files = (
			);
			inputFileListPaths = (
			);
			inputPaths = (
				"${PODS_PODFILE_DIR_PATH}/Podfile.lock",
				"${PODS_ROOT}/Manifest.lock",
			);
			name = "[CP] Check Pods Manifest.lock";
			outputFileListPaths = (
			);
			outputPaths = (
				"$(DERIVED_FILE_DIR)/Pods-Shopify Admin App-Shopify Admin AppUITests-checkManifestLockResult.txt",
			);
			runOnlyForDeploymentPostprocessing = 0;
			shellPath = /bin/sh;
			shellScript = "diff \"${PODS_PODFILE_DIR_PATH}/Podfile.lock\" \"${PODS_ROOT}/Manifest.lock\" > /dev/null\nif [ $? != 0 ] ; then\n    # print error to STDERR\n    echo \"error: The sandbox is not in sync with the Podfile.lock. Run 'pod install' or update your CocoaPods installation.\" >&2\n    exit 1\nfi\n# This output is used by Xcode 'outputs' to avoid re-running this script phase.\necho \"SUCCESS\" > \"${SCRIPT_OUTPUT_FILE_0}\"\n";
			showEnvVarsInLog = 0;
		};
/* End PBXShellScriptBuildPhase section */

/* Begin PBXSourcesBuildPhase section */
		7BC9E43529B55682004E3FD0 /* Sources */ = {
			isa = PBXSourcesBuildPhase;
			buildActionMask = 2147483647;
			files = (
				7BC9E44729B55682004E3FD0 /* Shopify_Admin_App.xcdatamodeld in Sources */,
				7B2026F029B6822B00C70E58 /* ProductVariantModel.swift in Sources */,
				7B136A0F29BAD20C009C4B33 /* CouponViewModel.swift in Sources */,
				7BC9E43D29B55682004E3FD0 /* AppDelegate.swift in Sources */,
				7B2026EA29B67F8000C70E58 /* ProductDetailsViewModel.swift in Sources */,
				7B2026EC29B6815100C70E58 /* ProductDetailsViewController.swift in Sources */,
				7B136A1129BAD63E009C4B33 /* CouponViewController.swift in Sources */,
				7B136A0D29BACE97009C4B33 /* CouponPriceRuleModel.swift in Sources */,
				7BC9E47829B55988004E3FD0 /* ProductViewController.swift in Sources */,
				7B41CA2C29B8EE090099A6AD /* ProductCustomCollectionModel.swift in Sources */,
				7BC9E43F29B55682004E3FD0 /* SceneDelegate.swift in Sources */,
				7B2026EE29B681A000C70E58 /* ProductImgModel.swift in Sources */,
				7BC9E47C29B559FC004E3FD0 /* ApiClient.swift in Sources */,
				7BC9E47E29B55CA5004E3FD0 /* ProductModel.swift in Sources */,
				7B136A1329BAE273009C4B33 /* CouponDiscountCodeModel.swift in Sources */,
				7B2026E829B61FCF00C70E58 /* EndPoints.swift in Sources */,
				7BC9E47A29B559AD004E3FD0 /* ProductViewModel.swift in Sources */,
			);
			runOnlyForDeploymentPostprocessing = 0;
		};
		7BC9E44E29B55687004E3FD0 /* Sources */ = {
			isa = PBXSourcesBuildPhase;
			buildActionMask = 2147483647;
			files = (
				7BC9E45729B55687004E3FD0 /* Shopify_Admin_AppTests.swift in Sources */,
			);
			runOnlyForDeploymentPostprocessing = 0;
		};
		7BC9E45829B55687004E3FD0 /* Sources */ = {
			isa = PBXSourcesBuildPhase;
			buildActionMask = 2147483647;
			files = (
				7BC9E46129B55687004E3FD0 /* Shopify_Admin_AppUITests.swift in Sources */,
				7BC9E46329B55687004E3FD0 /* Shopify_Admin_AppUITestsLaunchTests.swift in Sources */,
			);
			runOnlyForDeploymentPostprocessing = 0;
		};
/* End PBXSourcesBuildPhase section */

/* Begin PBXTargetDependency section */
		7BC9E45429B55687004E3FD0 /* PBXTargetDependency */ = {
			isa = PBXTargetDependency;
			target = 7BC9E43829B55682004E3FD0 /* Shopify Admin App */;
			targetProxy = 7BC9E45329B55687004E3FD0 /* PBXContainerItemProxy */;
		};
		7BC9E45E29B55687004E3FD0 /* PBXTargetDependency */ = {
			isa = PBXTargetDependency;
			target = 7BC9E43829B55682004E3FD0 /* Shopify Admin App */;
			targetProxy = 7BC9E45D29B55687004E3FD0 /* PBXContainerItemProxy */;
		};
/* End PBXTargetDependency section */

/* Begin PBXVariantGroup section */
		7BC9E44229B55682004E3FD0 /* Main.storyboard */ = {
			isa = PBXVariantGroup;
			children = (
				7BC9E44329B55682004E3FD0 /* Base */,
			);
			name = Main.storyboard;
			sourceTree = "<group>";
		};
		7BC9E44A29B55686004E3FD0 /* LaunchScreen.storyboard */ = {
			isa = PBXVariantGroup;
			children = (
				7BC9E44B29B55686004E3FD0 /* Base */,
			);
			name = LaunchScreen.storyboard;
			sourceTree = "<group>";
		};
/* End PBXVariantGroup section */

/* Begin XCBuildConfiguration section */
		7BC9E46429B55687004E3FD0 /* Debug */ = {
			isa = XCBuildConfiguration;
			buildSettings = {
				ALWAYS_SEARCH_USER_PATHS = NO;
				CLANG_ANALYZER_NONNULL = YES;
				CLANG_ANALYZER_NUMBER_OBJECT_CONVERSION = YES_AGGRESSIVE;
				CLANG_CXX_LANGUAGE_STANDARD = "gnu++20";
				CLANG_ENABLE_MODULES = YES;
				CLANG_ENABLE_OBJC_ARC = YES;
				CLANG_ENABLE_OBJC_WEAK = YES;
				CLANG_WARN_BLOCK_CAPTURE_AUTORELEASING = YES;
				CLANG_WARN_BOOL_CONVERSION = YES;
				CLANG_WARN_COMMA = YES;
				CLANG_WARN_CONSTANT_CONVERSION = YES;
				CLANG_WARN_DEPRECATED_OBJC_IMPLEMENTATIONS = YES;
				CLANG_WARN_DIRECT_OBJC_ISA_USAGE = YES_ERROR;
				CLANG_WARN_DOCUMENTATION_COMMENTS = YES;
				CLANG_WARN_EMPTY_BODY = YES;
				CLANG_WARN_ENUM_CONVERSION = YES;
				CLANG_WARN_INFINITE_RECURSION = YES;
				CLANG_WARN_INT_CONVERSION = YES;
				CLANG_WARN_NON_LITERAL_NULL_CONVERSION = YES;
				CLANG_WARN_OBJC_IMPLICIT_RETAIN_SELF = YES;
				CLANG_WARN_OBJC_LITERAL_CONVERSION = YES;
				CLANG_WARN_OBJC_ROOT_CLASS = YES_ERROR;
				CLANG_WARN_QUOTED_INCLUDE_IN_FRAMEWORK_HEADER = YES;
				CLANG_WARN_RANGE_LOOP_ANALYSIS = YES;
				CLANG_WARN_STRICT_PROTOTYPES = YES;
				CLANG_WARN_SUSPICIOUS_MOVE = YES;
				CLANG_WARN_UNGUARDED_AVAILABILITY = YES_AGGRESSIVE;
				CLANG_WARN_UNREACHABLE_CODE = YES;
				CLANG_WARN__DUPLICATE_METHOD_MATCH = YES;
				COPY_PHASE_STRIP = NO;
				DEBUG_INFORMATION_FORMAT = dwarf;
				ENABLE_STRICT_OBJC_MSGSEND = YES;
				ENABLE_TESTABILITY = YES;
				GCC_C_LANGUAGE_STANDARD = gnu11;
				GCC_DYNAMIC_NO_PIC = NO;
				GCC_NO_COMMON_BLOCKS = YES;
				GCC_OPTIMIZATION_LEVEL = 0;
				GCC_PREPROCESSOR_DEFINITIONS = (
					"DEBUG=1",
					"$(inherited)",
				);
				GCC_WARN_64_TO_32_BIT_CONVERSION = YES;
				GCC_WARN_ABOUT_RETURN_TYPE = YES_ERROR;
				GCC_WARN_UNDECLARED_SELECTOR = YES;
				GCC_WARN_UNINITIALIZED_AUTOS = YES_AGGRESSIVE;
				GCC_WARN_UNUSED_FUNCTION = YES;
				GCC_WARN_UNUSED_VARIABLE = YES;
				IPHONEOS_DEPLOYMENT_TARGET = 16.2;
				MTL_ENABLE_DEBUG_INFO = INCLUDE_SOURCE;
				MTL_FAST_MATH = YES;
				ONLY_ACTIVE_ARCH = YES;
				SDKROOT = iphoneos;
				SWIFT_ACTIVE_COMPILATION_CONDITIONS = DEBUG;
				SWIFT_OPTIMIZATION_LEVEL = "-Onone";
			};
			name = Debug;
		};
		7BC9E46529B55687004E3FD0 /* Release */ = {
			isa = XCBuildConfiguration;
			buildSettings = {
				ALWAYS_SEARCH_USER_PATHS = NO;
				CLANG_ANALYZER_NONNULL = YES;
				CLANG_ANALYZER_NUMBER_OBJECT_CONVERSION = YES_AGGRESSIVE;
				CLANG_CXX_LANGUAGE_STANDARD = "gnu++20";
				CLANG_ENABLE_MODULES = YES;
				CLANG_ENABLE_OBJC_ARC = YES;
				CLANG_ENABLE_OBJC_WEAK = YES;
				CLANG_WARN_BLOCK_CAPTURE_AUTORELEASING = YES;
				CLANG_WARN_BOOL_CONVERSION = YES;
				CLANG_WARN_COMMA = YES;
				CLANG_WARN_CONSTANT_CONVERSION = YES;
				CLANG_WARN_DEPRECATED_OBJC_IMPLEMENTATIONS = YES;
				CLANG_WARN_DIRECT_OBJC_ISA_USAGE = YES_ERROR;
				CLANG_WARN_DOCUMENTATION_COMMENTS = YES;
				CLANG_WARN_EMPTY_BODY = YES;
				CLANG_WARN_ENUM_CONVERSION = YES;
				CLANG_WARN_INFINITE_RECURSION = YES;
				CLANG_WARN_INT_CONVERSION = YES;
				CLANG_WARN_NON_LITERAL_NULL_CONVERSION = YES;
				CLANG_WARN_OBJC_IMPLICIT_RETAIN_SELF = YES;
				CLANG_WARN_OBJC_LITERAL_CONVERSION = YES;
				CLANG_WARN_OBJC_ROOT_CLASS = YES_ERROR;
				CLANG_WARN_QUOTED_INCLUDE_IN_FRAMEWORK_HEADER = YES;
				CLANG_WARN_RANGE_LOOP_ANALYSIS = YES;
				CLANG_WARN_STRICT_PROTOTYPES = YES;
				CLANG_WARN_SUSPICIOUS_MOVE = YES;
				CLANG_WARN_UNGUARDED_AVAILABILITY = YES_AGGRESSIVE;
				CLANG_WARN_UNREACHABLE_CODE = YES;
				CLANG_WARN__DUPLICATE_METHOD_MATCH = YES;
				COPY_PHASE_STRIP = NO;
				DEBUG_INFORMATION_FORMAT = "dwarf-with-dsym";
				ENABLE_NS_ASSERTIONS = NO;
				ENABLE_STRICT_OBJC_MSGSEND = YES;
				GCC_C_LANGUAGE_STANDARD = gnu11;
				GCC_NO_COMMON_BLOCKS = YES;
				GCC_WARN_64_TO_32_BIT_CONVERSION = YES;
				GCC_WARN_ABOUT_RETURN_TYPE = YES_ERROR;
				GCC_WARN_UNDECLARED_SELECTOR = YES;
				GCC_WARN_UNINITIALIZED_AUTOS = YES_AGGRESSIVE;
				GCC_WARN_UNUSED_FUNCTION = YES;
				GCC_WARN_UNUSED_VARIABLE = YES;
				IPHONEOS_DEPLOYMENT_TARGET = 16.2;
				MTL_ENABLE_DEBUG_INFO = NO;
				MTL_FAST_MATH = YES;
				SDKROOT = iphoneos;
				SWIFT_COMPILATION_MODE = wholemodule;
				SWIFT_OPTIMIZATION_LEVEL = "-O";
				VALIDATE_PRODUCT = YES;
			};
			name = Release;
		};
		7BC9E46729B55687004E3FD0 /* Debug */ = {
			isa = XCBuildConfiguration;
			baseConfigurationReference = F79C78EC884D0DFAC7B3F7FE /* Pods-Shopify Admin App.debug.xcconfig */;
			buildSettings = {
				ASSETCATALOG_COMPILER_APPICON_NAME = AppIcon;
				ASSETCATALOG_COMPILER_GLOBAL_ACCENT_COLOR_NAME = AccentColor;
				CODE_SIGN_STYLE = Automatic;
				CURRENT_PROJECT_VERSION = 1;
				DEVELOPMENT_TEAM = 346Q44X4XP;
				GENERATE_INFOPLIST_FILE = YES;
				INFOPLIST_FILE = "Shopify Admin App/Info.plist";
				INFOPLIST_KEY_UIApplicationSupportsIndirectInputEvents = YES;
				INFOPLIST_KEY_UILaunchStoryboardName = LaunchScreen;
				INFOPLIST_KEY_UIMainStoryboardFile = Main;
				INFOPLIST_KEY_UISupportedInterfaceOrientations_iPad = "UIInterfaceOrientationPortrait UIInterfaceOrientationPortraitUpsideDown UIInterfaceOrientationLandscapeLeft UIInterfaceOrientationLandscapeRight";
				INFOPLIST_KEY_UISupportedInterfaceOrientations_iPhone = "UIInterfaceOrientationPortrait UIInterfaceOrientationLandscapeLeft UIInterfaceOrientationLandscapeRight";
				LD_RUNPATH_SEARCH_PATHS = (
					"$(inherited)",
					"@executable_path/Frameworks",
				);
				MARKETING_VERSION = 1.0;
				PRODUCT_BUNDLE_IDENTIFIER = "iti.Shopify-Admin-App";
				PRODUCT_NAME = "$(TARGET_NAME)";
				SWIFT_EMIT_LOC_STRINGS = YES;
				SWIFT_VERSION = 5.0;
				TARGETED_DEVICE_FAMILY = "1,2";
			};
			name = Debug;
		};
		7BC9E46829B55687004E3FD0 /* Release */ = {
			isa = XCBuildConfiguration;
			baseConfigurationReference = FA50D6E89F5BD2605BDF42F2 /* Pods-Shopify Admin App.release.xcconfig */;
			buildSettings = {
				ASSETCATALOG_COMPILER_APPICON_NAME = AppIcon;
				ASSETCATALOG_COMPILER_GLOBAL_ACCENT_COLOR_NAME = AccentColor;
				CODE_SIGN_STYLE = Automatic;
				CURRENT_PROJECT_VERSION = 1;
				DEVELOPMENT_TEAM = 346Q44X4XP;
				GENERATE_INFOPLIST_FILE = YES;
				INFOPLIST_FILE = "Shopify Admin App/Info.plist";
				INFOPLIST_KEY_UIApplicationSupportsIndirectInputEvents = YES;
				INFOPLIST_KEY_UILaunchStoryboardName = LaunchScreen;
				INFOPLIST_KEY_UIMainStoryboardFile = Main;
				INFOPLIST_KEY_UISupportedInterfaceOrientations_iPad = "UIInterfaceOrientationPortrait UIInterfaceOrientationPortraitUpsideDown UIInterfaceOrientationLandscapeLeft UIInterfaceOrientationLandscapeRight";
				INFOPLIST_KEY_UISupportedInterfaceOrientations_iPhone = "UIInterfaceOrientationPortrait UIInterfaceOrientationLandscapeLeft UIInterfaceOrientationLandscapeRight";
				LD_RUNPATH_SEARCH_PATHS = (
					"$(inherited)",
					"@executable_path/Frameworks",
				);
				MARKETING_VERSION = 1.0;
				PRODUCT_BUNDLE_IDENTIFIER = "iti.Shopify-Admin-App";
				PRODUCT_NAME = "$(TARGET_NAME)";
				SWIFT_EMIT_LOC_STRINGS = YES;
				SWIFT_VERSION = 5.0;
				TARGETED_DEVICE_FAMILY = "1,2";
			};
			name = Release;
		};
		7BC9E46A29B55687004E3FD0 /* Debug */ = {
			isa = XCBuildConfiguration;
			baseConfigurationReference = D98B56768F6A614175574D2B /* Pods-Shopify Admin AppTests.debug.xcconfig */;
			buildSettings = {
				ALWAYS_EMBED_SWIFT_STANDARD_LIBRARIES = YES;
				BUNDLE_LOADER = "$(TEST_HOST)";
				CODE_SIGN_STYLE = Automatic;
				CURRENT_PROJECT_VERSION = 1;
				DEVELOPMENT_TEAM = 346Q44X4XP;
				GENERATE_INFOPLIST_FILE = YES;
				IPHONEOS_DEPLOYMENT_TARGET = 16.2;
				MARKETING_VERSION = 1.0;
				PRODUCT_BUNDLE_IDENTIFIER = "iti.Shopify-Admin-AppTests";
				PRODUCT_NAME = "$(TARGET_NAME)";
				SWIFT_EMIT_LOC_STRINGS = NO;
				SWIFT_VERSION = 5.0;
				TARGETED_DEVICE_FAMILY = "1,2";
				TEST_HOST = "$(BUILT_PRODUCTS_DIR)/Shopify Admin App.app/$(BUNDLE_EXECUTABLE_FOLDER_PATH)/Shopify Admin App";
			};
			name = Debug;
		};
		7BC9E46B29B55687004E3FD0 /* Release */ = {
			isa = XCBuildConfiguration;
			baseConfigurationReference = 8713349881F11447E57E3758 /* Pods-Shopify Admin AppTests.release.xcconfig */;
			buildSettings = {
				ALWAYS_EMBED_SWIFT_STANDARD_LIBRARIES = YES;
				BUNDLE_LOADER = "$(TEST_HOST)";
				CODE_SIGN_STYLE = Automatic;
				CURRENT_PROJECT_VERSION = 1;
				DEVELOPMENT_TEAM = 346Q44X4XP;
				GENERATE_INFOPLIST_FILE = YES;
				IPHONEOS_DEPLOYMENT_TARGET = 16.2;
				MARKETING_VERSION = 1.0;
				PRODUCT_BUNDLE_IDENTIFIER = "iti.Shopify-Admin-AppTests";
				PRODUCT_NAME = "$(TARGET_NAME)";
				SWIFT_EMIT_LOC_STRINGS = NO;
				SWIFT_VERSION = 5.0;
				TARGETED_DEVICE_FAMILY = "1,2";
				TEST_HOST = "$(BUILT_PRODUCTS_DIR)/Shopify Admin App.app/$(BUNDLE_EXECUTABLE_FOLDER_PATH)/Shopify Admin App";
			};
			name = Release;
		};
		7BC9E46D29B55687004E3FD0 /* Debug */ = {
			isa = XCBuildConfiguration;
			baseConfigurationReference = 5EB0A55909A5B88339A3E154 /* Pods-Shopify Admin App-Shopify Admin AppUITests.debug.xcconfig */;
			buildSettings = {
				ALWAYS_EMBED_SWIFT_STANDARD_LIBRARIES = YES;
				CODE_SIGN_STYLE = Automatic;
				CURRENT_PROJECT_VERSION = 1;
				DEVELOPMENT_TEAM = 346Q44X4XP;
				GENERATE_INFOPLIST_FILE = YES;
				MARKETING_VERSION = 1.0;
				PRODUCT_BUNDLE_IDENTIFIER = "iti.Shopify-Admin-AppUITests";
				PRODUCT_NAME = "$(TARGET_NAME)";
				SWIFT_EMIT_LOC_STRINGS = NO;
				SWIFT_VERSION = 5.0;
				TARGETED_DEVICE_FAMILY = "1,2";
				TEST_TARGET_NAME = "Shopify Admin App";
			};
			name = Debug;
		};
		7BC9E46E29B55687004E3FD0 /* Release */ = {
			isa = XCBuildConfiguration;
			baseConfigurationReference = 2DE977DCB6A745AEEE5F3F12 /* Pods-Shopify Admin App-Shopify Admin AppUITests.release.xcconfig */;
			buildSettings = {
				ALWAYS_EMBED_SWIFT_STANDARD_LIBRARIES = YES;
				CODE_SIGN_STYLE = Automatic;
				CURRENT_PROJECT_VERSION = 1;
				DEVELOPMENT_TEAM = 346Q44X4XP;
				GENERATE_INFOPLIST_FILE = YES;
				MARKETING_VERSION = 1.0;
				PRODUCT_BUNDLE_IDENTIFIER = "iti.Shopify-Admin-AppUITests";
				PRODUCT_NAME = "$(TARGET_NAME)";
				SWIFT_EMIT_LOC_STRINGS = NO;
				SWIFT_VERSION = 5.0;
				TARGETED_DEVICE_FAMILY = "1,2";
				TEST_TARGET_NAME = "Shopify Admin App";
			};
			name = Release;
		};
/* End XCBuildConfiguration section */

/* Begin XCConfigurationList section */
		7BC9E43429B55682004E3FD0 /* Build configuration list for PBXProject "Shopify Admin App" */ = {
			isa = XCConfigurationList;
			buildConfigurations = (
				7BC9E46429B55687004E3FD0 /* Debug */,
				7BC9E46529B55687004E3FD0 /* Release */,
			);
			defaultConfigurationIsVisible = 0;
			defaultConfigurationName = Release;
		};
		7BC9E46629B55687004E3FD0 /* Build configuration list for PBXNativeTarget "Shopify Admin App" */ = {
			isa = XCConfigurationList;
			buildConfigurations = (
				7BC9E46729B55687004E3FD0 /* Debug */,
				7BC9E46829B55687004E3FD0 /* Release */,
			);
			defaultConfigurationIsVisible = 0;
			defaultConfigurationName = Release;
		};
		7BC9E46929B55687004E3FD0 /* Build configuration list for PBXNativeTarget "Shopify Admin AppTests" */ = {
			isa = XCConfigurationList;
			buildConfigurations = (
				7BC9E46A29B55687004E3FD0 /* Debug */,
				7BC9E46B29B55687004E3FD0 /* Release */,
			);
			defaultConfigurationIsVisible = 0;
			defaultConfigurationName = Release;
		};
		7BC9E46C29B55687004E3FD0 /* Build configuration list for PBXNativeTarget "Shopify Admin AppUITests" */ = {
			isa = XCConfigurationList;
			buildConfigurations = (
				7BC9E46D29B55687004E3FD0 /* Debug */,
				7BC9E46E29B55687004E3FD0 /* Release */,
			);
			defaultConfigurationIsVisible = 0;
			defaultConfigurationName = Release;
		};
/* End XCConfigurationList section */

/* Begin XCVersionGroup section */
		7BC9E44529B55682004E3FD0 /* Shopify_Admin_App.xcdatamodeld */ = {
			isa = XCVersionGroup;
			children = (
				7BC9E44629B55682004E3FD0 /* Shopify_Admin_App.xcdatamodel */,
			);
			currentVersion = 7BC9E44629B55682004E3FD0 /* Shopify_Admin_App.xcdatamodel */;
			path = Shopify_Admin_App.xcdatamodeld;
			sourceTree = "<group>";
			versionGroupType = wrapper.xcdatamodel;
		};
/* End XCVersionGroup section */
	};
	rootObject = 7BC9E43129B55682004E3FD0 /* Project object */;
}
